{
  "requires": true,
  "lockfileVersion": 1,
  "dependencies": {
    "@mediapipe/holistic": {
      "version": "0.1.1607486640",
      "resolved": "https://registry.npmjs.org/@mediapipe/holistic/-/holistic-0.1.1607486640.tgz",
      "integrity": "sha512-t7MDazT5ckAm//wfTiAz88IiC6XOTeDXKz9iFwsuqsEqYAUI1mh60qCHdPAnh1v+EedDcL5jmIGLHvXMgzfb3w=="
    }
  }
}
