{
  "requires": true,
  "lockfileVersion": 1,
  "dependencies": {
    "@mediapipe/face_mesh": {
      "version": "0.1.1606863125",
      "resolved": "https://registry.npmjs.org/@mediapipe/face_mesh/-/face_mesh-0.1.1606863125.tgz",
      "integrity": "sha512-VQ4HwvXkMjhhYvk+Q9CppsNVyb/zX0Zpez8yqI0NGgKikb7plT2pD+bSuZLUrHt0GZj9D174HPVE6c1iQEGzUw=="
    }
  }
}
