{
  "name": "headsetsgoodbye",
  "version": "1.0.0",
  "lockfileVersion": 2,
  "requires": true,
  "packages": {
    "": {
      "name": "headsetsgoodbye",
      "version": "1.0.0",
      "license": "MIT",
      "dependencies": {
        "@tensorflow/tfjs-backend-cpu": "^3.3.0",
        "fingerpose": "^0.0.2",
        "handsfree": "^8.0.8",
        "three-dragcontrols": "^0.88.2",
        "three-dragger": "^1.0.2"
      },
      "devDependencies": {
        "face-api.js": "^0.20.0"
      }
    },
    "node_modules/@tensorflow/tfjs-backend-cpu": {
      "version": "3.3.0",
      "resolved": "https://registry.npmjs.org/@tensorflow/tfjs-backend-cpu/-/tfjs-backend-cpu-3.3.0.tgz",
      "integrity": "sha512-DLctv+PUZni26kQW1hq8jwQQ8u+GGc/p764WQIC4/IDagGtfGAUW1mHzWcTxtni2l4re1VrwE41ogWLhv4sGHg==",
      "dependencies": {
        "@types/seedrandom": "2.4.27",
        "seedrandom": "2.4.3"
      },
      "engines": {
        "yarn": ">= 1.3.2"
      },
      "peerDependencies": {
        "@tensorflow/tfjs-core": "3.3.0"
      }
    },
    "node_modules/@tensorflow/tfjs-core": {
      "version": "3.3.0",
      "resolved": "https://registry.npmjs.org/@tensorflow/tfjs-core/-/tfjs-core-3.3.0.tgz",
      "integrity": "sha512-6G+LcCiQBl4Kza5mDbWbf8QSWBTW3l7SDjGhQzMO1ITtQatHzxkuHGHcJ4CTUJvNA0JmKf4QJWOvlFqEmxwyLQ==",
      "peer": true,
      "dependencies": {
        "@types/offscreencanvas": "~2019.3.0",
        "@types/seedrandom": "2.4.27",
        "@types/webgl-ext": "0.0.30",
        "node-fetch": "~2.6.1",
        "seedrandom": "2.4.3"
      },
      "engines": {
        "yarn": ">= 1.3.2"
      }
    },
    "node_modules/@types/offscreencanvas": {
      "version": "2019.3.0",
      "resolved": "https://registry.npmjs.org/@types/offscreencanvas/-/offscreencanvas-2019.3.0.tgz",
      "integrity": "sha512-esIJx9bQg+QYF0ra8GnvfianIY8qWB0GBx54PK5Eps6m+xTj86KLavHv6qDhzKcu5UUOgNfJ2pWaIIV7TRUd9Q=="
    },
    "node_modules/@types/seedrandom": {
      "version": "2.4.27",
      "resolved": "https://registry.npmjs.org/@types/seedrandom/-/seedrandom-2.4.27.tgz",
      "integrity": "sha1-nbVjk33YaRX2kJK8QyWdL0hXjkE="
    },
    "node_modules/@types/webgl-ext": {
      "version": "0.0.30",
      "resolved": "https://registry.npmjs.org/@types/webgl-ext/-/webgl-ext-0.0.30.tgz",
      "integrity": "sha512-LKVgNmBxN0BbljJrVUwkxwRYqzsAEPcZOe6S2T6ZaBDIrFp0qu4FNlpc5sM1tGbXUYFgdVQIoeLk1Y1UoblyEg=="
    },
    "node_modules/@types/webgl2": {
      "version": "0.0.4",
      "resolved": "https://registry.npmjs.org/@types/webgl2/-/webgl2-0.0.4.tgz",
      "integrity": "sha512-PACt1xdErJbMUOUweSrbVM7gSIYm1vTncW2hF6Os/EeWi6TXYAYMPp+8v6rzHmypE5gHrxaxZNXgMkJVIdZpHw==",
      "dev": true
    },
    "node_modules/face-api.js": {
      "version": "0.20.0",
      "resolved": "https://registry.npmjs.org/face-api.js/-/face-api.js-0.20.0.tgz",
      "integrity": "sha512-9yDRChHdqT61AI+bGrNz5PJDHZl8+6CD4hoMChlteHAYInZIOEMhM6Wbn+2YcLVW+rUhufhanMQ9JjHV+x3ATg==",
      "dev": true,
      "dependencies": {
        "@tensorflow/tfjs-core": "1.0.3",
        "tfjs-image-recognition-base": "^0.6.0",
        "tslib": "^1.9.3"
      }
    },
    "node_modules/face-api.js/node_modules/@tensorflow/tfjs-core": {
      "version": "1.0.3",
      "resolved": "https://registry.npmjs.org/@tensorflow/tfjs-core/-/tfjs-core-1.0.3.tgz",
      "integrity": "sha512-2UbjMQkmrykIIZuoRfmDPrtWm+6fdQRlYLCUJdiOIooeu/q4nye587HM1qKcdZosGPZTW6VvX+4VIVieYn5i0A==",
      "dev": true,
      "dependencies": {
        "@types/seedrandom": "2.4.27",
        "@types/webgl-ext": "0.0.30",
        "@types/webgl2": "0.0.4",
        "seedrandom": "2.4.3"
      },
      "engines": {
        "yarn": ">= 1.3.2"
      }
    },
    "node_modules/fingerpose": {
      "version": "0.0.2",
      "resolved": "https://registry.npmjs.org/fingerpose/-/fingerpose-0.0.2.tgz",
      "integrity": "sha512-KNFly+Qc8B8fumdzoP6PhEY/UHodzjXmyo5+0ZsbNs0F+X2Mn4iiErcofnGONwwtcDuL2pvCC8bCwI9u1qPLDw=="
    },
    "node_modules/gsap": {
      "version": "3.6.1",
      "resolved": "https://registry.npmjs.org/gsap/-/gsap-3.6.1.tgz",
      "integrity": "sha512-hCkjk7UVbeEmlpFbiy7lIsh742bwVlMhdCnnQ1CvVOAdURyPX8hXjFZGh/0YzUyAcWPyJPE0/paMhSYtLhGlfA=="
    },
    "node_modules/handsfree": {
      "version": "8.0.8",
      "resolved": "https://registry.npmjs.org/handsfree/-/handsfree-8.0.8.tgz",
      "integrity": "sha512-8ogI0kwRohEtwwgbtO9nwUu4PLkMGme48PLBA6nNoh8acWktzKI8XwpJOoojNpzG998gNcUU0gKckNXx08Aphw==",
      "dependencies": {
        "gsap": "^3.5.1",
        "lodash": "^4.17.20"
      }
    },
    "node_modules/lodash": {
      "version": "4.17.21",
      "resolved": "https://registry.npmjs.org/lodash/-/lodash-4.17.21.tgz",
      "integrity": "sha512-v2kDEe57lecTulaDIuNTPy3Ry4gLGJ6Z1O3vE1krgXZNrsQ+LFTGHVxVjcXPs17LhbZVGedAJv8XZ1tvj5FvSg=="
    },
    "node_modules/node-fetch": {
      "version": "2.6.1",
      "resolved": "https://registry.npmjs.org/node-fetch/-/node-fetch-2.6.1.tgz",
      "integrity": "sha512-V4aYg89jEoVRxRb2fJdAg8FHvI7cEyYdVAh94HH0UIK8oJxUfkjlDQN9RbMx+bEjP7+ggMiFRprSti032Oipxw==",
      "peer": true,
      "engines": {
        "node": "4.x || >=6.0.0"
      }
    },
    "node_modules/seedrandom": {
      "version": "2.4.3",
      "resolved": "https://registry.npmjs.org/seedrandom/-/seedrandom-2.4.3.tgz",
      "integrity": "sha1-JDhQTa0zkXMUv/GKxNeU8W1qrsw="
    },
    "node_modules/tfjs-image-recognition-base": {
      "version": "0.6.2",
      "resolved": "https://registry.npmjs.org/tfjs-image-recognition-base/-/tfjs-image-recognition-base-0.6.2.tgz",
      "integrity": "sha512-ukxViVfAPw7s0KiGhwr3zrwsm+EVa2Z+4aEwKBWO43Rt48nbPyVvrHdL+WbxRynZYjklEE69ft66C8zzea7vFw==",
      "dev": true,
      "dependencies": {
        "@tensorflow/tfjs-core": "^1.2.9",
        "tslib": "^1.10.0"
      }
    },
    "node_modules/tfjs-image-recognition-base/node_modules/@tensorflow/tfjs-core": {
      "version": "1.7.4",
      "resolved": "https://registry.npmjs.org/@tensorflow/tfjs-core/-/tfjs-core-1.7.4.tgz",
      "integrity": "sha512-3G4VKJ6nPs7iCt6gs3bjRj8chihKrYWenf63R0pm7D9MhlrVoX/tpN4LYVMGgBL7jHPxMLKdOkoAZJrn/J88HQ==",
      "dev": true,
      "dependencies": {
        "@types/offscreencanvas": "~2019.3.0",
        "@types/seedrandom": "2.4.27",
        "@types/webgl-ext": "0.0.30",
        "@types/webgl2": "0.0.4",
        "node-fetch": "~2.1.2",
        "seedrandom": "2.4.3"
      },
      "engines": {
        "yarn": ">= 1.3.2"
      }
    },
    "node_modules/tfjs-image-recognition-base/node_modules/node-fetch": {
      "version": "2.1.2",
      "resolved": "https://registry.npmjs.org/node-fetch/-/node-fetch-2.1.2.tgz",
      "integrity": "sha1-q4hOjn5X44qUR1POxwb3iNF2i7U=",
      "dev": true,
      "engines": {
        "node": "4.x || >=6.0.0"
      }
    },
    "node_modules/three": {
      "version": "0.128.0",
      "resolved": "https://registry.npmjs.org/three/-/three-0.128.0.tgz",
      "integrity": "sha512-i0ap/E+OaSfzw7bD1TtYnPo3VEplkl70WX5fZqZnfZsE3k3aSFudqrrC9ldFZfYFkn1zwDmBcdGfiIm/hnbyZA==",
      "peer": true
    },
    "node_modules/three-dragcontrols": {
      "version": "0.88.2",
      "resolved": "https://registry.npmjs.org/three-dragcontrols/-/three-dragcontrols-0.88.2.tgz",
      "integrity": "sha512-Qqhbo7+K5TAeqlYlUiI0EBp14uI9nbgoLANas3p4v4kz3h5HmOlComV9UhLI2x3BtdCdcHSuiyDL7sTrtP772w==",
      "peerDependencies": {
        "three": ">= 0.86 <= 1.0"
      }
    },
    "node_modules/three-dragger": {
      "version": "1.0.2",
      "resolved": "https://registry.npmjs.org/three-dragger/-/three-dragger-1.0.2.tgz",
      "integrity": "sha512-WIYLhYclNgpZtir96OMPMaz2OQGx0YR2DkOHdYUFbtURl0m7TdbGPu0JMSNQD3hBlUVsvVqFAOBq/KwqY5CYWQ==",
      "peerDependencies": {
        "three": "^0.80.0"
      }
    },
    "node_modules/tslib": {
      "version": "1.14.1",
      "resolved": "https://registry.npmjs.org/tslib/-/tslib-1.14.1.tgz",
      "integrity": "sha512-Xni35NKzjgMrwevysHTCArtLDpPvye8zV/0E4EyYn43P7/7qvQwPh9BGkHewbMulVntbigmcT7rdX3BNo9wRJg==",
      "dev": true
    }
  },
  "dependencies": {
    "@tensorflow/tfjs-backend-cpu": {
      "version": "3.3.0",
      "resolved": "https://registry.npmjs.org/@tensorflow/tfjs-backend-cpu/-/tfjs-backend-cpu-3.3.0.tgz",
      "integrity": "sha512-DLctv+PUZni26kQW1hq8jwQQ8u+GGc/p764WQIC4/IDagGtfGAUW1mHzWcTxtni2l4re1VrwE41ogWLhv4sGHg==",
      "requires": {
        "@types/seedrandom": "2.4.27",
        "seedrandom": "2.4.3"
      }
    },
    "@tensorflow/tfjs-core": {
      "version": "3.3.0",
      "resolved": "https://registry.npmjs.org/@tensorflow/tfjs-core/-/tfjs-core-3.3.0.tgz",
      "integrity": "sha512-6G+LcCiQBl4Kza5mDbWbf8QSWBTW3l7SDjGhQzMO1ITtQatHzxkuHGHcJ4CTUJvNA0JmKf4QJWOvlFqEmxwyLQ==",
      "peer": true,
      "requires": {
        "@types/offscreencanvas": "~2019.3.0",
        "@types/seedrandom": "2.4.27",
        "@types/webgl-ext": "0.0.30",
        "node-fetch": "~2.6.1",
        "seedrandom": "2.4.3"
      }
    },
    "@types/offscreencanvas": {
      "version": "2019.3.0",
      "resolved": "https://registry.npmjs.org/@types/offscreencanvas/-/offscreencanvas-2019.3.0.tgz",
      "integrity": "sha512-esIJx9bQg+QYF0ra8GnvfianIY8qWB0GBx54PK5Eps6m+xTj86KLavHv6qDhzKcu5UUOgNfJ2pWaIIV7TRUd9Q=="
    },
    "@types/seedrandom": {
      "version": "2.4.27",
      "resolved": "https://registry.npmjs.org/@types/seedrandom/-/seedrandom-2.4.27.tgz",
      "integrity": "sha1-nbVjk33YaRX2kJK8QyWdL0hXjkE="
    },
    "@types/webgl-ext": {
      "version": "0.0.30",
      "resolved": "https://registry.npmjs.org/@types/webgl-ext/-/webgl-ext-0.0.30.tgz",
      "integrity": "sha512-LKVgNmBxN0BbljJrVUwkxwRYqzsAEPcZOe6S2T6ZaBDIrFp0qu4FNlpc5sM1tGbXUYFgdVQIoeLk1Y1UoblyEg=="
    },
    "@types/webgl2": {
      "version": "0.0.4",
      "resolved": "https://registry.npmjs.org/@types/webgl2/-/webgl2-0.0.4.tgz",
      "integrity": "sha512-PACt1xdErJbMUOUweSrbVM7gSIYm1vTncW2hF6Os/EeWi6TXYAYMPp+8v6rzHmypE5gHrxaxZNXgMkJVIdZpHw==",
      "dev": true
    },
    "face-api.js": {
      "version": "0.20.0",
      "resolved": "https://registry.npmjs.org/face-api.js/-/face-api.js-0.20.0.tgz",
      "integrity": "sha512-9yDRChHdqT61AI+bGrNz5PJDHZl8+6CD4hoMChlteHAYInZIOEMhM6Wbn+2YcLVW+rUhufhanMQ9JjHV+x3ATg==",
      "dev": true,
      "requires": {
        "@tensorflow/tfjs-core": "1.0.3",
        "tfjs-image-recognition-base": "^0.6.0",
        "tslib": "^1.9.3"
      },
      "dependencies": {
        "@tensorflow/tfjs-core": {
          "version": "1.0.3",
          "resolved": "https://registry.npmjs.org/@tensorflow/tfjs-core/-/tfjs-core-1.0.3.tgz",
          "integrity": "sha512-2UbjMQkmrykIIZuoRfmDPrtWm+6fdQRlYLCUJdiOIooeu/q4nye587HM1qKcdZosGPZTW6VvX+4VIVieYn5i0A==",
          "dev": true,
          "requires": {
            "@types/seedrandom": "2.4.27",
            "@types/webgl-ext": "0.0.30",
            "@types/webgl2": "0.0.4",
            "seedrandom": "2.4.3"
          }
        }
      }
    },
    "fingerpose": {
      "version": "0.0.2",
      "resolved": "https://registry.npmjs.org/fingerpose/-/fingerpose-0.0.2.tgz",
      "integrity": "sha512-KNFly+Qc8B8fumdzoP6PhEY/UHodzjXmyo5+0ZsbNs0F+X2Mn4iiErcofnGONwwtcDuL2pvCC8bCwI9u1qPLDw=="
    },
    "gsap": {
      "version": "3.6.1",
      "resolved": "https://registry.npmjs.org/gsap/-/gsap-3.6.1.tgz",
      "integrity": "sha512-hCkjk7UVbeEmlpFbiy7lIsh742bwVlMhdCnnQ1CvVOAdURyPX8hXjFZGh/0YzUyAcWPyJPE0/paMhSYtLhGlfA=="
    },
    "handsfree": {
      "version": "8.0.8",
      "resolved": "https://registry.npmjs.org/handsfree/-/handsfree-8.0.8.tgz",
      "integrity": "sha512-8ogI0kwRohEtwwgbtO9nwUu4PLkMGme48PLBA6nNoh8acWktzKI8XwpJOoojNpzG998gNcUU0gKckNXx08Aphw==",
      "requires": {
        "gsap": "^3.5.1",
        "lodash": "^4.17.20"
      }
    },
    "lodash": {
      "version": "4.17.21",
      "resolved": "https://registry.npmjs.org/lodash/-/lodash-4.17.21.tgz",
      "integrity": "sha512-v2kDEe57lecTulaDIuNTPy3Ry4gLGJ6Z1O3vE1krgXZNrsQ+LFTGHVxVjcXPs17LhbZVGedAJv8XZ1tvj5FvSg=="
    },
    "node-fetch": {
      "version": "2.6.1",
      "resolved": "https://registry.npmjs.org/node-fetch/-/node-fetch-2.6.1.tgz",
      "integrity": "sha512-V4aYg89jEoVRxRb2fJdAg8FHvI7cEyYdVAh94HH0UIK8oJxUfkjlDQN9RbMx+bEjP7+ggMiFRprSti032Oipxw==",
      "peer": true
    },
    "seedrandom": {
      "version": "2.4.3",
      "resolved": "https://registry.npmjs.org/seedrandom/-/seedrandom-2.4.3.tgz",
      "integrity": "sha1-JDhQTa0zkXMUv/GKxNeU8W1qrsw="
    },
    "tfjs-image-recognition-base": {
      "version": "0.6.2",
      "resolved": "https://registry.npmjs.org/tfjs-image-recognition-base/-/tfjs-image-recognition-base-0.6.2.tgz",
      "integrity": "sha512-ukxViVfAPw7s0KiGhwr3zrwsm+EVa2Z+4aEwKBWO43Rt48nbPyVvrHdL+WbxRynZYjklEE69ft66C8zzea7vFw==",
      "dev": true,
      "requires": {
        "@tensorflow/tfjs-core": "^1.2.9",
        "tslib": "^1.10.0"
      },
      "dependencies": {
        "@tensorflow/tfjs-core": {
          "version": "1.7.4",
          "resolved": "https://registry.npmjs.org/@tensorflow/tfjs-core/-/tfjs-core-1.7.4.tgz",
          "integrity": "sha512-3G4VKJ6nPs7iCt6gs3bjRj8chihKrYWenf63R0pm7D9MhlrVoX/tpN4LYVMGgBL7jHPxMLKdOkoAZJrn/J88HQ==",
          "dev": true,
          "requires": {
            "@types/offscreencanvas": "~2019.3.0",
            "@types/seedrandom": "2.4.27",
            "@types/webgl-ext": "0.0.30",
            "@types/webgl2": "0.0.4",
            "node-fetch": "~2.1.2",
            "seedrandom": "2.4.3"
          }
        },
        "node-fetch": {
          "version": "2.1.2",
          "resolved": "https://registry.npmjs.org/node-fetch/-/node-fetch-2.1.2.tgz",
          "integrity": "sha1-q4hOjn5X44qUR1POxwb3iNF2i7U=",
          "dev": true
        }
      }
    },
    "three": {
      "version": "0.128.0",
      "resolved": "https://registry.npmjs.org/three/-/three-0.128.0.tgz",
      "integrity": "sha512-i0ap/E+OaSfzw7bD1TtYnPo3VEplkl70WX5fZqZnfZsE3k3aSFudqrrC9ldFZfYFkn1zwDmBcdGfiIm/hnbyZA==",
      "peer": true
    },
    "three-dragcontrols": {
      "version": "0.88.2",
      "resolved": "https://registry.npmjs.org/three-dragcontrols/-/three-dragcontrols-0.88.2.tgz",
      "integrity": "sha512-Qqhbo7+K5TAeqlYlUiI0EBp14uI9nbgoLANas3p4v4kz3h5HmOlComV9UhLI2x3BtdCdcHSuiyDL7sTrtP772w==",
      "requires": {}
    },
    "three-dragger": {
      "version": "1.0.2",
      "resolved": "https://registry.npmjs.org/three-dragger/-/three-dragger-1.0.2.tgz",
      "integrity": "sha512-WIYLhYclNgpZtir96OMPMaz2OQGx0YR2DkOHdYUFbtURl0m7TdbGPu0JMSNQD3hBlUVsvVqFAOBq/KwqY5CYWQ==",
      "requires": {}
    },
    "tslib": {
      "version": "1.14.1",
      "resolved": "https://registry.npmjs.org/tslib/-/tslib-1.14.1.tgz",
      "integrity": "sha512-Xni35NKzjgMrwevysHTCArtLDpPvye8zV/0E4EyYn43P7/7qvQwPh9BGkHewbMulVntbigmcT7rdX3BNo9wRJg==",
      "dev": true
    }
  }
}
