{
  "name": "WebXR-Emulator-Extension-WebXR-Polyfill",
  "version": "0.0.1",
  "lockfileVersion": 1,
  "requires": true,
  "dependencies": {
    "gsap": {
      "version": "3.5.1",
      "resolved": "https://registry.npmjs.org/gsap/-/gsap-3.5.1.tgz",
      "integrity": "sha512-EMV0RSUKZNeTUzLKAizGlwxVOUyif3/g8I3S1aA/hf3gbqwBvmQ02x1RdTBQNQMOpHCVBv9y/vaHwfctoAg8zw=="
    },
    "handsfree": {
      "version": "8.0.7",
      "resolved": "https://registry.npmjs.org/handsfree/-/handsfree-8.0.7.tgz",
      "integrity": "sha512-vZ9L+hYIO8VXp4vr84DuBY7nEmUNKXkzQT4f6xb9EvnT1E/UJPvzVfCFk3swGNyJUU79pWjyPnXNT1tJsngMcQ==",
      "requires": {
        "gsap": "^3.5.1",
        "lodash": "^4.17.20"
      }
    },
    "lodash": {
      "version": "4.17.20",
      "resolved": "https://registry.npmjs.org/lodash/-/lodash-4.17.20.tgz",
      "integrity": "sha512-PlhdFcillOINfeV7Ni6oF1TAEayyZBoZ8bcshTHqOYJYlrqzRK5hagpagky5o4HfCzzd1TRkXPMFq6cKk9rGmA=="
    }
  }
}
