{
  "requires": true,
  "lockfileVersion": 1,
  "dependencies": {
    "@mediapipe/camera_utils": {
      "version": "0.1.1606863050",
      "resolved": "https://registry.npmjs.org/@mediapipe/camera_utils/-/camera_utils-0.1.1606863050.tgz",
      "integrity": "sha512-/vrwMsfsyEkXwjHyLKqDVu6j9Z1Jyi2rOpgqV/I9GTydkAVAtg1sbxlEfLFqlTK4fY367D5Yd79FPXrXqBPyIg=="
    }
  }
}
