{
  "requires": true,
  "lockfileVersion": 1,
  "dependencies": {
    "@mediapipe/drawing_utils": {
      "version": "0.1.1607547345",
      "resolved": "https://registry.npmjs.org/@mediapipe/drawing_utils/-/drawing_utils-0.1.1607547345.tgz",
      "integrity": "sha512-WiHSEUBS85HCl+zJRKQx6yAWoSIhaUHy1sIegJCCwvhNlsxVJRhLHht/egiA5hpHAZhcC7dOjKYjgHwVptgoEQ=="
    }
  }
}
