{
  "requires": true,
  "lockfileVersion": 1,
  "dependencies": {
    "@mediapipe/pose": {
      "version": "0.1.1607559092",
      "resolved": "https://registry.npmjs.org/@mediapipe/pose/-/pose-0.1.1607559092.tgz",
      "integrity": "sha512-9kyAbpy2pwBG8fof0tyHHu3fpYzN/3L2C9NtytEz5L5Oo2wqXoWdLYzY/PGlT8qRrVQWO55pquEXnkGkbq8Htg=="
    }
  }
}
