{
  "requires": true,
  "lockfileVersion": 1,
  "dependencies": {
    "@mediapipe/hands": {
      "version": "0.1.1606863095",
      "resolved": "https://registry.npmjs.org/@mediapipe/hands/-/hands-0.1.1606863095.tgz",
      "integrity": "sha512-HyQEyp6S5HlaQHFZ7QKfh0oytA29/9zLxZOijjNbhqgWztGxa1atSBnvDpytn7Y0q/37ZgMPM+wOYP/BjVzNDA=="
    }
  }
}
