{
  "requires": true,
  "lockfileVersion": 1,
  "dependencies": {
    "@mediapipe/control_utils": {
      "version": "0.1.1606863011",
      "resolved": "https://registry.npmjs.org/@mediapipe/control_utils/-/control_utils-0.1.1606863011.tgz",
      "integrity": "sha512-+a2bTN2P3pFIcdsYV7XeimMGVMcUuwvKvSZoIelk37sVEqt/USTBiP5go+27B8WtJWpNz5dcOUxV8rdqH3g1Ag=="
    }
  }
}
